{
    "_meta": {
        "hash": {
            "sha256": "5312aa48ceb3677e850352a91c9507ce5af4f219b0e0d084f878bd188edefb9f"
        },
        "pipfile-spec": 6,
        "requires": {
            "python_version": "3.8"
        },
        "sources": [
            {
                "name": "pypi",
                "url": "https://pypi.org/simple",
                "verify_ssl": true
            }
        ]
    },
    "default": {
        "boto3": {
            "hashes": [
                "sha256:54380395ba52502a9877cd0c4c9c9834341ce74c96c9f1ecc6fd77bade1b201a",
                "sha256:ee999b46b2c630e50e7b052d6dfe224203a348d83b00e168ca50009af0f276c1"
            ],
            "markers": "python_version >= '2.7' and python_version not in '3.0, 3.1, 3.2, 3.3, 3.4, 3.5'",
            "version": "==1.17.40"
        },
        "botocore": {
            "hashes": [
                "sha256:6a35a9977cdbd7a839d948dd5f9e3d260c19b7dde74e0a844c97206884d3bba0",
                "sha256:f2b68119050211139f21278166c9023d9251da84b500a4ccede4a4545d6a9514"
            ],
            "markers": "python_version >= '2.7' and python_version not in '3.0, 3.1, 3.2, 3.3, 3.4, 3.5'",
            "version": "==1.20.40"
        },
        "certifi": {
            "hashes": [
                "sha256:1a4995114262bffbc2413b159f2a1a480c969de6e6eb13ee966d470af86af59c",
                "sha256:719a74fb9e33b9bd44cc7f3a8d94bc35e4049deebe19ba7d8e108280cfd59830"
            ],
            "version": "==2020.12.5"
        },
        "chardet": {
            "hashes": [
                "sha256:0d6f53a15db4120f2b08c94f11e7d93d2c911ee118b6b30a04ec3ee8310179fa",
                "sha256:f864054d66fd9118f2e67044ac8981a54775ec5b67aed0441892edb553d21da5"
            ],
            "markers": "python_version >= '2.7' and python_version not in '3.0, 3.1, 3.2, 3.3, 3.4'",
            "version": "==4.0.0"
        },
        "click": {
            "hashes": [
                "sha256:d2b5255c7c6349bc1bd1e59e08cd12acbbd63ce649f2588755783aa94dfb6b1a",
                "sha256:dacca89f4bfadd5de3d7489b7c8a566eee0d3676333fbb50030263894c38c0dc"
            ],
            "markers": "python_version >= '2.7' and python_version not in '3.0, 3.1, 3.2, 3.3, 3.4'",
            "version": "==7.1.2"
        },
        "filelock": {
            "hashes": [
                "sha256:18d82244ee114f543149c66a6e0c14e9c4f8a1044b5cdaadd0f82159d6a6ff59",
                "sha256:929b7d63ec5b7d6b71b0fa5ac14e030b3f70b75747cef1b10da9b879fef15836"
            ],
            "version": "==3.0.12"
        },
        "idna": {
            "hashes": [
                "sha256:b307872f855b18632ce0c21c5e45be78c0ea7ae4c15c828c20788b26921eb3f6",
                "sha256:b97d804b1e9b523befed77c48dacec60e6dcb0b5391d57af6a65a312a90648c0"
            ],
            "markers": "python_version >= '2.7' and python_version not in '3.0, 3.1, 3.2, 3.3'",
            "version": "==2.10"
        },
        "jmespath": {
            "hashes": [
                "sha256:b85d0567b8666149a93172712e68920734333c0ce7e89b78b3e987f71e5ed4f9",
                "sha256:cdf6525904cc597730141d61b36f2e4b8ecc257c420fa2f4549bac2c2d0cb72f"
            ],
            "markers": "python_version >= '2.6' and python_version not in '3.0, 3.1, 3.2'",
            "version": "==0.10.0"
        },
        "joblib": {
            "hashes": [
                "sha256:9c17567692206d2f3fb9ecf5e991084254fe631665c450b443761c4186a613f7",
                "sha256:feeb1ec69c4d45129954f1b7034954241eedfd6ba39b5e9e4b6883be3332d5e5"
            ],
            "markers": "python_version >= '3.6'",
            "version": "==1.0.1"
        },
        "moverscore": {
            "git": "https://github.com/dominik-schwabe/emnlp19-moverscore.git",
            "ref": "44324d9d31d04aa5003fd85949da5c3e6bb9130f"
        },
        "numpy": {
            "hashes": [
                "sha256:2428b109306075d89d21135bdd6b785f132a1f5a3260c371cee1fae427e12727",
                "sha256:377751954da04d4a6950191b20539066b4e19e3b559d4695399c5e8e3e683bf6",
                "sha256:4703b9e937df83f5b6b7447ca5912b5f5f297aba45f91dbbbc63ff9278c7aa98",
                "sha256:471c0571d0895c68da309dacee4e95a0811d0a9f9f532a48dc1bea5f3b7ad2b7",
                "sha256:61d5b4cf73622e4d0c6b83408a16631b670fc045afd6540679aa35591a17fe6d",
                "sha256:6c915ee7dba1071554e70a3664a839fbc033e1d6528199d4621eeaaa5487ccd2",
                "sha256:6e51e417d9ae2e7848314994e6fc3832c9d426abce9328cf7571eefceb43e6c9",
                "sha256:719656636c48be22c23641859ff2419b27b6bdf844b36a2447cb39caceb00935",
                "sha256:780ae5284cb770ade51d4b4a7dce4faa554eb1d88a56d0e8b9f35fca9b0270ff",
                "sha256:878922bf5ad7550aa044aa9301d417e2d3ae50f0f577de92051d739ac6096cee",
                "sha256:924dc3f83de20437de95a73516f36e09918e9c9c18d5eac520062c49191025fb",
                "sha256:97ce8b8ace7d3b9288d88177e66ee75480fb79b9cf745e91ecfe65d91a856042",
                "sha256:9c0fab855ae790ca74b27e55240fe4f2a36a364a3f1ebcfd1fb5ac4088f1cec3",
                "sha256:9cab23439eb1ebfed1aaec9cd42b7dc50fc96d5cd3147da348d9161f0501ada5",
                "sha256:a8e6859913ec8eeef3dbe9aed3bf475347642d1cdd6217c30f28dee8903528e6",
                "sha256:aa046527c04688af680217fffac61eec2350ef3f3d7320c07fd33f5c6e7b4d5f",
                "sha256:abc81829c4039e7e4c30f7897938fa5d4916a09c2c7eb9b244b7a35ddc9656f4",
                "sha256:bad70051de2c50b1a6259a6df1daaafe8c480ca98132da98976d8591c412e737",
                "sha256:c73a7975d77f15f7f68dacfb2bca3d3f479f158313642e8ea9058eea06637931",
                "sha256:d15007f857d6995db15195217afdbddfcd203dfaa0ba6878a2f580eaf810ecd6",
                "sha256:d76061ae5cab49b83a8cf3feacefc2053fac672728802ac137dd8c4123397677",
                "sha256:e8e4fbbb7e7634f263c5b0150a629342cc19b47c5eba8d1cd4363ab3455ab576",
                "sha256:e9459f40244bb02b2f14f6af0cd0732791d72232bbb0dc4bab57ef88e75f6935",
                "sha256:edb1f041a9146dcf02cd7df7187db46ab524b9af2515f392f337c7cbbf5b52cd"
            ],
            "markers": "python_version >= '3.7'",
            "version": "==1.20.2"
        },
        "packaging": {
            "hashes": [
                "sha256:5b327ac1320dc863dca72f4514ecc086f31186744b84a230374cc1fd776feae5",
                "sha256:67714da7f7bc052e064859c05c595155bd1ee9f69f76557e21f051443c20947a"
            ],
            "markers": "python_version >= '2.7' and python_version not in '3.0, 3.1, 3.2, 3.3'",
            "version": "==20.9"
        },
        "pyemd": {
            "hashes": [
                "sha256:15750113757ace54a03d2efef7bbc2c5a4782cba30555e7fd401bcafcfa0ecb2",
                "sha256:fc81c2116f8573e559dfbb8d73e03d9f73c22d0770559f406516984302e07e70"
            ],
            "version": "==0.5.1"
        },
        "pyparsing": {
            "hashes": [
                "sha256:c203ec8783bf771a155b207279b9bccb8dea02d8f0c9e5f8ead507bc3246ecc1",
                "sha256:ef9d7589ef3c200abe66653d3f1ab1033c3c419ae9b9bdb1240a85b024efc88b"
            ],
            "markers": "python_version >= '2.6' and python_version not in '3.0, 3.1, 3.2'",
            "version": "==2.4.7"
        },
        "python-dateutil": {
            "hashes": [
                "sha256:73ebfe9dbf22e832286dafa60473e4cd239f8592f699aa5adaf10050e6e1823c",
                "sha256:75bb3f31ea686f1197762692a9ee6a7550b59fc6ca3a1f4b5d7e32fb98e2da2a"
            ],
            "markers": "python_version >= '2.7' and python_version not in '3.0, 3.1, 3.2'",
            "version": "==2.8.1"
        },
        "pytorch-pretrained-bert": {
            "hashes": [
                "sha256:9cf7c6221e854071b9844f2a9a581e05a24777351618c010493d9c76601c6747",
                "sha256:ddd86f2f4ca595a2ad05d48c35d4f5c1c5f150bef79d56e3159701840a574d06",
                "sha256:edf4f9c2e64ef4e3cc68a335c88938fa45c17f18300952c64ba59fa66580f2f4"
            ],
            "version": "==0.6.2"
        },
        "regex": {
            "hashes": [
                "sha256:07ef35301b4484bce843831e7039a84e19d8d33b3f8b2f9aab86c376813d0139",
                "sha256:13f50969028e81765ed2a1c5fcfdc246c245cf8d47986d5172e82ab1a0c42ee5",
                "sha256:14de88eda0976020528efc92d0a1f8830e2fb0de2ae6005a6fc4e062553031fa",
                "sha256:159fac1a4731409c830d32913f13f68346d6b8e39650ed5d704a9ce2f9ef9cb3",
                "sha256:18e25e0afe1cf0f62781a150c1454b2113785401ba285c745acf10c8ca8917df",
                "sha256:201e2619a77b21a7780580ab7b5ce43835e242d3e20fef50f66a8df0542e437f",
                "sha256:360a01b5fa2ad35b3113ae0c07fb544ad180603fa3b1f074f52d98c1096fa15e",
                "sha256:39c44532d0e4f1639a89e52355b949573e1e2c5116106a395642cbbae0ff9bcd",
                "sha256:3d9356add82cff75413bec360c1eca3e58db4a9f5dafa1f19650958a81e3249d",
                "sha256:3d9a7e215e02bd7646a91fb8bcba30bc55fd42a719d6b35cf80e5bae31d9134e",
                "sha256:4651f839dbde0816798e698626af6a2469eee6d9964824bb5386091255a1694f",
                "sha256:486a5f8e11e1f5bbfcad87f7c7745eb14796642323e7e1829a331f87a713daaa",
                "sha256:4b8a1fb724904139149a43e172850f35aa6ea97fb0545244dc0b805e0154ed68",
                "sha256:4c0788010a93ace8a174d73e7c6c9d3e6e3b7ad99a453c8ee8c975ddd9965643",
                "sha256:4c2e364491406b7888c2ad4428245fc56c327e34a5dfe58fd40df272b3c3dab3",
                "sha256:575a832e09d237ae5fedb825a7a5bc6a116090dd57d6417d4f3b75121c73e3be",
                "sha256:5770a51180d85ea468234bc7987f5597803a4c3d7463e7323322fe4a1b181578",
                "sha256:633497504e2a485a70a3268d4fc403fe3063a50a50eed1039083e9471ad0101c",
                "sha256:63f3ca8451e5ff7133ffbec9eda641aeab2001be1a01878990f6c87e3c44b9d5",
                "sha256:709f65bb2fa9825f09892617d01246002097f8f9b6dde8d1bb4083cf554701ba",
                "sha256:808404898e9a765e4058bf3d7607d0629000e0a14a6782ccbb089296b76fa8fe",
                "sha256:882f53afe31ef0425b405a3f601c0009b44206ea7f55ee1c606aad3cc213a52c",
                "sha256:8bd4f91f3fb1c9b1380d6894bd5b4a519409135bec14c0c80151e58394a4e88a",
                "sha256:8e65e3e4c6feadf6770e2ad89ad3deb524bcb03d8dc679f381d0568c024e0deb",
                "sha256:976a54d44fd043d958a69b18705a910a8376196c6b6ee5f2596ffc11bff4420d",
                "sha256:a0d04128e005142260de3733591ddf476e4902c0c23c1af237d9acf3c96e1b38",
                "sha256:a0df9a0ad2aad49ea3c7f65edd2ffb3d5c59589b85992a6006354f6fb109bb18",
                "sha256:a2ee026f4156789df8644d23ef423e6194fad0bc53575534101bb1de5d67e8ce",
                "sha256:a59a2ee329b3de764b21495d78c92ab00b4ea79acef0f7ae8c1067f773570afa",
                "sha256:b97ec5d299c10d96617cc851b2e0f81ba5d9d6248413cd374ef7f3a8871ee4a6",
                "sha256:b98bc9db003f1079caf07b610377ed1ac2e2c11acc2bea4892e28cc5b509d8d5",
                "sha256:b9d8d286c53fe0cbc6d20bf3d583cabcd1499d89034524e3b94c93a5ab85ca90",
                "sha256:bcd945175c29a672f13fce13a11893556cd440e37c1b643d6eeab1988c8b209c",
                "sha256:c66221e947d7207457f8b6f42b12f613b09efa9669f65a587a2a71f6a0e4d106",
                "sha256:c782da0e45aff131f0bed6e66fbcfa589ff2862fc719b83a88640daa01a5aff7",
                "sha256:cb4ee827857a5ad9b8ae34d3c8cc51151cb4a3fe082c12ec20ec73e63cc7c6f0",
                "sha256:d47d359545b0ccad29d572ecd52c9da945de7cd6cf9c0cfcb0269f76d3555689",
                "sha256:dc9963aacb7da5177e40874585d7407c0f93fb9d7518ec58b86e562f633f36cd",
                "sha256:ea2f41445852c660ba7c3ebf7d70b3779b20d9ca8ba54485a17740db49f46932",
                "sha256:f5d0c921c99297354cecc5a416ee4280bd3f20fd81b9fb671ca6be71499c3fdf",
                "sha256:f85d6f41e34f6a2d1607e312820971872944f1661a73d33e1e82d35ea3305e14"
            ],
            "version": "==2021.3.17"
        },
        "requests": {
            "hashes": [
                "sha256:27973dd4a904a4f13b263a19c866c13b92a39ed1c964655f025f3f8d3d75b804",
                "sha256:c210084e36a42ae6b9219e00e48287def368a26d03a048ddad7bfee44f75871e"
            ],
            "markers": "python_version >= '2.7' and python_version not in '3.0, 3.1, 3.2, 3.3, 3.4'",
            "version": "==2.25.1"
        },
        "s3transfer": {
            "hashes": [
                "sha256:5d48b1fd2232141a9d5fb279709117aaba506cacea7f86f11bc392f06bfa8fc2",
                "sha256:c5dadf598762899d8cfaecf68eba649cd25b0ce93b6c954b156aaa3eed160547"
            ],
            "version": "==0.3.6"
        },
        "sacremoses": {
            "hashes": [
                "sha256:123c1bf2664351fb05e16f87d3786dbe44a050cfd7b85161c09ad9a63a8e2948"
            ],
            "version": "==0.0.43"
        },
        "six": {
            "hashes": [
                "sha256:30639c035cdb23534cd4aa2dd52c3bf48f06e5f4a941509c8bafd8ce11080259",
                "sha256:8b74bedcbbbaca38ff6d7491d76f2b06b3592611af620f8426e82dddb04a5ced"
            ],
            "markers": "python_version >= '2.7' and python_version not in '3.0, 3.1, 3.2'",
            "version": "==1.15.0"
        },
        "tokenizers": {
            "hashes": [
                "sha256:069e30baedbfb098390e03af1701c95c87d024055c82842e4b2d699a0d49d3db",
                "sha256:07e321f46df4ecf8f7919b260f67d4df18151e50eddfaaa8ef7ba80ed473a79a",
                "sha256:1c5aef76b8c9f1fed979a1943cfde2a1707a396a24dc3c09d510e06b3b8a3f3d",
                "sha256:2739e9d44cfbd9b3e4339a279e7037c572757763bb09faa9727ae35c93f79623",
                "sha256:290eceb99780d5ef5de89968bb6a9bcf912d6ea79578107e9c8bc1386f490389",
                "sha256:296c741df0ceec93946f030e6b94c6fa975f17823cdf0bdf0989654eee277b54",
                "sha256:2ef2ac8e03b9cdc4b7d3be8a84dc411ce264abdb694cfc198e6ba9d22f5c1381",
                "sha256:3a343b703bd4e174de3b126702418c7924bd68a95a25b43cbb590d1c2e7a4034",
                "sha256:3da95c8f9bea55e261376972d0d461bd6a4bd02913c5b3942c087801c8631b65",
                "sha256:3e7e526fafaae5d7360570be0ec6f1331e3e962bafa262f6a357ba6bd850f8df",
                "sha256:484939ddea9689454156f4d2ee96032ebefddff1dc174caafa9a28c919f3c85d",
                "sha256:4f42453c86dcabbc3c19c3ec166d693843ffa80543982e3150209e3ca274a322",
                "sha256:57c37a312ba56060129f2ad075f852e83bae205df1a5f34db50e6da2e0432805",
                "sha256:5dd957cfd1109e56ff895dfce14d1be16bd9399ce98999b60cf0e8e21243d34c",
                "sha256:60a2f5a33e7846817ce54a5ddd2f61108e95aaccf579caeaea0bba7b6a0a9222",
                "sha256:62c21682a4a8dd8cc8eecf68d3a1c058b5c912f0b792a5e0507e0afd7524f56c",
                "sha256:6b70f446bf57c4447d7a192ffaa4f5a883fee99524d76c694025ae05942065a1",
                "sha256:6f9f5ac1a1c67dec947e0a28905ea017a826926faa9a827eff1792012632a2f5",
                "sha256:729954ba7f650a3965f1b3e481c57da1c372b9d3fe1d70b0a25c711543e48300",
                "sha256:81c35b4bc9238c0b5d0af91a719e732a60ee0d87d8bf76615bfec8f3e3ba8f15",
                "sha256:8f5d2a1d6d4a502ead87af60aaec9fdd943e3f298dfa302fe139c0c357f553e5",
                "sha256:917157a63c919c44888bf9d13f8aae43a8b409d1dba831caafd47b4aee0ea917",
                "sha256:95d59780e202abf43f150225dc1fd09ac67fb49cc8d93e437a27f3e4593fe64c",
                "sha256:99eb29009bb23548edd98f01fabb6df24c99ce55456f1c0910204996c7211920",
                "sha256:9c4aedbd763dbf929a27073bb6e569bd454bf79c409f3f6920fa0f4db12abe51",
                "sha256:a7a4c5c59f9896601467807a92b32eb64970b3210bed6d8f1e87c14f1da17496",
                "sha256:adb5566b37fae9a01bd6ecd86a85e71f421df4ab481822b9dd6dae446d6f37d1",
                "sha256:bcb2c07cc052f45419a1aac1bfef96de69cd0677c53f901f5dcba5bfa4361575",
                "sha256:c96b0c985ab6073c901767df3d77e96dc208ab391ad94d5a0b9b5211d6e1729c",
                "sha256:cd045b3b79e04c0278c3d5f02ca2bbab2fe351fdb489e8441b231da12bea41de",
                "sha256:d212515cb0c44ef884009169fb9b7c6a3efa540b3fa497620a0915624a7d21b6",
                "sha256:d2bc2eab13002f06fb987be9d762654acf3c0909a7a8c4e822fe7ebaa7a2a09d",
                "sha256:dd399f58c26d18d2ee6ffd647c5ec9365c910bed9004e5ddaea5842ff533bcec",
                "sha256:e035deb888de33bf7bce3f004c9f815090f74498fe867d8a4ce4d33964db4068",
                "sha256:e380e87600430aa9e5b32757e3ffcfa25744ea14d010585d8ca817097bd1f4f7",
                "sha256:eabea1bdf9d525ca316e72bfc94e41c8e9b42b8fe8e4cbd01d0a4f520e25276f",
                "sha256:eae53cbdd4ce50d7fe37e9d4e49019023205065ceac6f373bb656038937e42ec",
                "sha256:ed236e0ea8c3369cb3bb65a206c2b186e50a3779b03cfca1a92e0ce0b272caab",
                "sha256:eea64d50897234f2df0301c53412d6dc5810688ad73b75e661e53fe698d33e71",
                "sha256:f405c9f0c0f77f9f6500b7c8587eacc122d1a0256ff55bcbef219ed94201b8f8",
                "sha256:fecfcb95c23ce6ebb4834156e78cb6a4cf883b37102c8dd46bc8bd3b5244c3d5"
            ],
            "version": "==0.10.1"
        },
        "torch": {
            "hashes": [
                "sha256:1388b30fbd262c1a053d6c9ace73bb0bd8f5871b4892b6f3e02d1d7bc9768563",
                "sha256:16f2630d9604c4ee28ea7d6e388e2264cd7bc6031c6ecd796bae3f56b5efa9a3",
                "sha256:225ee4238c019b28369c71977327deeeb2bd1c6b8557e6fcf631b8866bdc5447",
                "sha256:3e4190c04dfd89c59bad06d5fe451446643a65e6d2607cc989eb1001ee76e12f",
                "sha256:4ace9c5bb94d5a7b9582cd089993201658466e9c59ff88bd4e9e08f6f072d1cf",
                "sha256:55137feb2f5a0dc7aced5bba690dcdb7652054ad3452b09a2bbb59f02a11e9ff",
                "sha256:5c2e9a33d44cdb93ebd739b127ffd7da786bf5f740539539195195b186a05f6c",
                "sha256:6ffa1e7ae079c7cb828712cb0cdaae5cc4fb87c16a607e6d14526b62c20bcc17",
                "sha256:8ad2252bf09833dcf46a536a78544e349b8256a370e03a98627ebfb118d9555b",
                "sha256:95b7bbbacc3f28fe438f418392ceeae146a01adc03b29d44917d55214ac234c9",
                "sha256:a50ea8ed900927fb30cadb63aa7a32fdd59c7d7abe5012348dfbe35a8355c083",
                "sha256:c6ede2ae4dcd8214b63e047efabafa92493605205a947574cf358216ca4e440a",
                "sha256:ce7d435426f3dd14f95710d779aa46e9cd5e077d512488e813f7589fdc024f78",
                "sha256:dac4d10494e74f7e553c92d7263e19ea501742c4825ddd26c4decfa27be95981",
                "sha256:e7ad1649adb7dc2a450e70a3e51240b84fa4746c69c8f98989ce0c254f9fba3a",
                "sha256:f23eeb1a48cc39209d986c418ad7e02227eee973da45c0c42d36b1aec72f4940"
            ],
            "markers": "python_full_version >= '3.6.2'",
            "version": "==1.8.1"
        },
        "tqdm": {
            "hashes": [
                "sha256:9fdf349068d047d4cfbe24862c425883af1db29bcddf4b0eeb2524f6fbdb23c7",
                "sha256:d666ae29164da3e517fcf125e41d4fe96e5bb375cd87ff9763f6b38b5592fe33"
            ],
            "markers": "python_version >= '2.7' and python_version not in '3.0, 3.1, 3.2, 3.3'",
            "version": "==4.59.0"
        },
        "transformers": {
            "hashes": [
                "sha256:9826e4d5febc70d4ee6accd4d3f2a2a15e714e18c237ab82c95a6c0faaa001df",
                "sha256:f0ced82ee258a7a7ca96dab124c8d854a880274c5983623e9373ab5d0b033c56"
            ],
            "markers": "python_version >= '3.6'",
            "version": "==4.4.2"
        },
        "typing-extensions": {
            "hashes": [
                "sha256:7cb407020f00f7bfc3cb3e7881628838e69d8f3fcab2f64742a5e76b2f841918",
                "sha256:99d4073b617d30288f569d3f13d2bd7548c3a7e4c8de87db09a9d29bb3a4a60c",
                "sha256:dafc7639cde7f1b6e1acc0f457842a83e722ccca8eef5270af2d74792619a89f"
            ],
            "version": "==3.7.4.3"
        },
        "urllib3": {
            "hashes": [
                "sha256:2f4da4594db7e1e110a944bb1b551fdf4e6c136ad42e4234131391e21eb5b0df",
                "sha256:e7b021f7241115872f92f43c6508082facffbd1c048e3c6e2bb9c2a157e28937"
            ],
            "markers": "python_version >= '2.7' and python_version not in '3.0, 3.1, 3.2, 3.3, 3.4' and python_version < '4'",
            "version": "==1.26.4"
        }
    },
    "develop": {}
}
